
Microsoft Visual Studio Solution File, Format Version 12.00
# Visual Studio Version 16
VisualStudioVersion = 16.0.31515.178
MinimumVisualStudioVersion = 10.0.40219.1
Project("{FAE04EC0-301F-11D3-BF4B-00C04F79EFBC}") = "TelaAjuda.UWP", "TelaAjuda.UWP\TelaAjuda.UWP.csproj", "{317641EA-FA5B-4A5A-8C7C-DA59E72FBBE4}"
EndProject
Project("{FAE04EC0-301F-11D3-BF4B-00C04F79EFBC}") = "TelaAjuda.Android", "TelaAjuda.Android\TelaAjuda.Android.csproj", "{28FD92AB-66B9-4A40-83FD-566A45785801}"
EndProject
Project("{FAE04EC0-301F-11D3-BF4B-00C04F79EFBC}") = "TelaAjuda", "TelaAjuda\TelaAjuda.csproj", "{020A3F2F-B00C-4C37-9075-71C0A9BF7903}"
EndProject
Global
	GlobalSection(SolutionConfigurationPlatforms) = preSolution
		Debug|Any CPU = Debug|Any CPU
		Debug|ARM = Debug|ARM
		Debug|x64 = Debug|x64
		Debug|x86 = Debug|x86
		Release|Any CPU = Release|Any CPU
		Release|ARM = Release|ARM
		Release|x64 = Release|x64
		Release|x86 = Release|x86
	EndGlobalSection
	GlobalSection(ProjectConfigurationPlatforms) = postSolution
		{317641EA-FA5B-4A5A-8C7C-DA59E72FBBE4}.Debug|Any CPU.ActiveCfg = Debug|x86
		{317641EA-FA5B-4A5A-8C7C-DA59E72FBBE4}.Debug|Any CPU.Build.0 = Debug|x86
		{317641EA-FA5B-4A5A-8C7C-DA59E72FBBE4}.Debug|Any CPU.Deploy.0 = Debug|x86
		{317641EA-FA5B-4A5A-8C7C-DA59E72FBBE4}.Debug|ARM.ActiveCfg = Debug|ARM
		{317641EA-FA5B-4A5A-8C7C-DA59E72FBBE4}.Debug|ARM.Build.0 = Debug|ARM
		{317641EA-FA5B-4A5A-8C7C-DA59E72FBBE4}.Debug|ARM.Deploy.0 = Debug|ARM
		{317641EA-FA5B-4A5A-8C7C-DA59E72FBBE4}.Debug|x64.ActiveCfg = Debug|x64
		{317641EA-FA5B-4A5A-8C7C-DA59E72FBBE4}.Debug|x64.Build.0 = Debug|x64
		{317641EA-FA5B-4A5A-8C7C-DA59E72FBBE4}.Debug|x64.Deploy.0 = Debug|x64
		{317641EA-FA5B-4A5A-8C7C-DA59E72FBBE4}.Debug|x86.ActiveCfg = Debug|x86
		{317641EA-FA5B-4A5A-8C7C-DA59E72FBBE4}.Debug|x86.Build.0 = Debug|x86
		{317641EA-FA5B-4A5A-8C7C-DA59E72FBBE4}.Debug|x86.Deploy.0 = Debug|x86
		{317641EA-FA5B-4A5A-8C7C-DA59E72FBBE4}.Release|Any CPU.ActiveCfg = Release|x86
		{317641EA-FA5B-4A5A-8C7C-DA59E72FBBE4}.Release|Any CPU.Build.0 = Release|x86
		{317641EA-FA5B-4A5A-8C7C-DA59E72FBBE4}.Release|Any CPU.Deploy.0 = Release|x86
		{317641EA-FA5B-4A5A-8C7C-DA59E72FBBE4}.Release|ARM.ActiveCfg = Release|ARM
		{317641EA-FA5B-4A5A-8C7C-DA59E72FBBE4}.Release|ARM.Build.0 = Release|ARM
		{317641EA-FA5B-4A5A-8C7C-DA59E72FBBE4}.Release|ARM.Deploy.0 = Release|ARM
		{317641EA-FA5B-4A5A-8C7C-DA59E72FBBE4}.Release|x64.ActiveCfg = Release|x64
		{317641EA-FA5B-4A5A-8C7C-DA59E72FBBE4}.Release|x64.Build.0 = Release|x64
		{317641EA-FA5B-4A5A-8C7C-DA59E72FBBE4}.Release|x64.Deploy.0 = Release|x64
		{317641EA-FA5B-4A5A-8C7C-DA59E72FBBE4}.Release|x86.ActiveCfg = Release|x86
		{317641EA-FA5B-4A5A-8C7C-DA59E72FBBE4}.Release|x86.Build.0 = Release|x86
		{317641EA-FA5B-4A5A-8C7C-DA59E72FBBE4}.Release|x86.Deploy.0 = Release|x86
		{28FD92AB-66B9-4A40-83FD-566A45785801}.Debug|Any CPU.ActiveCfg = Debug|Any CPU
		{28FD92AB-66B9-4A40-83FD-566A45785801}.Debug|Any CPU.Build.0 = Debug|Any CPU
		{28FD92AB-66B9-4A40-83FD-566A45785801}.Debug|Any CPU.Deploy.0 = Debug|Any CPU
		{28FD92AB-66B9-4A40-83FD-566A45785801}.Debug|ARM.ActiveCfg = Debug|Any CPU
		{28FD92AB-66B9-4A40-83FD-566A45785801}.Debug|ARM.Build.0 = Debug|Any CPU
		{28FD92AB-66B9-4A40-83FD-566A45785801}.Debug|ARM.Deploy.0 = Debug|Any CPU
		{28FD92AB-66B9-4A40-83FD-566A45785801}.Debug|x64.ActiveCfg = Debug|Any CPU
		{28FD92AB-66B9-4A40-83FD-566A45785801}.Debug|x64.Build.0 = Debug|Any CPU
		{28FD92AB-66B9-4A40-83FD-566A45785801}.Debug|x64.Deploy.0 = Debug|Any CPU
		{28FD92AB-66B9-4A40-83FD-566A45785801}.Debug|x86.ActiveCfg = Debug|Any CPU
		{28FD92AB-66B9-4A40-83FD-566A45785801}.Debug|x86.Build.0 = Debug|Any CPU
		{28FD92AB-66B9-4A40-83FD-566A45785801}.Debug|x86.Deploy.0 = Debug|Any CPU
		{28FD92AB-66B9-4A40-83FD-566A45785801}.Release|Any CPU.ActiveCfg = Release|Any CPU
		{28FD92AB-66B9-4A40-83FD-566A45785801}.Release|Any CPU.Build.0 = Release|Any CPU
		{28FD92AB-66B9-4A40-83FD-566A45785801}.Release|Any CPU.Deploy.0 = Release|Any CPU
		{28FD92AB-66B9-4A40-83FD-566A45785801}.Release|ARM.ActiveCfg = Release|Any CPU
		{28FD92AB-66B9-4A40-83FD-566A45785801}.Release|ARM.Build.0 = Release|Any CPU
		{28FD92AB-66B9-4A40-83FD-566A45785801}.Release|ARM.Deploy.0 = Release|Any CPU
		{28FD92AB-66B9-4A40-83FD-566A45785801}.Release|x64.ActiveCfg = Release|Any CPU
		{28FD92AB-66B9-4A40-83FD-566A45785801}.Release|x64.Build.0 = Release|Any CPU
		{28FD92AB-66B9-4A40-83FD-566A45785801}.Release|x64.Deploy.0 = Release|Any CPU
		{28FD92AB-66B9-4A40-83FD-566A45785801}.Release|x86.ActiveCfg = Release|Any CPU
		{28FD92AB-66B9-4A40-83FD-566A45785801}.Release|x86.Build.0 = Release|Any CPU
		{28FD92AB-66B9-4A40-83FD-566A45785801}.Release|x86.Deploy.0 = Release|Any CPU
		{020A3F2F-B00C-4C37-9075-71C0A9BF7903}.Debug|Any CPU.ActiveCfg = Debug|Any CPU
		{020A3F2F-B00C-4C37-9075-71C0A9BF7903}.Debug|Any CPU.Build.0 = Debug|Any CPU
		{020A3F2F-B00C-4C37-9075-71C0A9BF7903}.Debug|Any CPU.Deploy.0 = Debug|Any CPU
		{020A3F2F-B00C-4C37-9075-71C0A9BF7903}.Debug|ARM.ActiveCfg = Debug|Any CPU
		{020A3F2F-B00C-4C37-9075-71C0A9BF7903}.Debug|ARM.Build.0 = Debug|Any CPU
		{020A3F2F-B00C-4C37-9075-71C0A9BF7903}.Debug|ARM.Deploy.0 = Debug|Any CPU
		{020A3F2F-B00C-4C37-9075-71C0A9BF7903}.Debug|x64.ActiveCfg = Debug|Any CPU
		{020A3F2F-B00C-4C37-9075-71C0A9BF7903}.Debug|x64.Build.0 = Debug|Any CPU
		{020A3F2F-B00C-4C37-9075-71C0A9BF7903}.Debug|x64.Deploy.0 = Debug|Any CPU
		{020A3F2F-B00C-4C37-9075-71C0A9BF7903}.Debug|x86.ActiveCfg = Debug|Any CPU
		{020A3F2F-B00C-4C37-9075-71C0A9BF7903}.Debug|x86.Build.0 = Debug|Any CPU
		{020A3F2F-B00C-4C37-9075-71C0A9BF7903}.Debug|x86.Deploy.0 = Debug|Any CPU
		{020A3F2F-B00C-4C37-9075-71C0A9BF7903}.Release|Any CPU.ActiveCfg = Release|Any CPU
		{020A3F2F-B00C-4C37-9075-71C0A9BF7903}.Release|Any CPU.Build.0 = Release|Any CPU
		{020A3F2F-B00C-4C37-9075-71C0A9BF7903}.Release|Any CPU.Deploy.0 = Release|Any CPU
		{020A3F2F-B00C-4C37-9075-71C0A9BF7903}.Release|ARM.ActiveCfg = Release|Any CPU
		{020A3F2F-B00C-4C37-9075-71C0A9BF7903}.Release|ARM.Build.0 = Release|Any CPU
		{020A3F2F-B00C-4C37-9075-71C0A9BF7903}.Release|ARM.Deploy.0 = Release|Any CPU
		{020A3F2F-B00C-4C37-9075-71C0A9BF7903}.Release|x64.ActiveCfg = Release|Any CPU
		{020A3F2F-B00C-4C37-9075-71C0A9BF7903}.Release|x64.Build.0 = Release|Any CPU
		{020A3F2F-B00C-4C37-9075-71C0A9BF7903}.Release|x64.Deploy.0 = Release|Any CPU
		{020A3F2F-B00C-4C37-9075-71C0A9BF7903}.Release|x86.ActiveCfg = Release|Any CPU
		{020A3F2F-B00C-4C37-9075-71C0A9BF7903}.Release|x86.Build.0 = Release|Any CPU
		{020A3F2F-B00C-4C37-9075-71C0A9BF7903}.Release|x86.Deploy.0 = Release|Any CPU
	EndGlobalSection
	GlobalSection(SolutionProperties) = preSolution
		HideSolutionNode = FALSE
	EndGlobalSection
	GlobalSection(ExtensibilityGlobals) = postSolution
		SolutionGuid = {47BA550E-236C-4AF5-A78C-7D7359229ACF}
	EndGlobalSection
EndGlobal
